github.com/dlclark/regexp2/v2 v2.1.0 h1:jHXRmHRZGbuQzDZjMlCAXOvQb75iv3HyLDzXGj5H1AY=
github.com/dlclark/regexp2/v2 v2.1.0/go.mod h1:Bz5TMy5d8fPK0ximH0Yi9KvsRHNnvXqUx9XG6a4wB+I=
github.com/tetratelabs/wazero v1.9.0 h1:IcZ56OuxrtaEz8UYNRHBrUa9bYeX9oVY93KspZZBf/I=
github.com/tetratelabs/wazero v1.9.0/go.mod h1:TSbcXCfFP0L2FGkRPxHphadXPjo1T6W+CseNNY7EkjM=
github.com/tiktoken-go/tokenizer v0.8.0 h1:drHWno2Zx3eAm/hk/LmvBKXPpSImB7BRyh/ru4+3Q7Y=
github.com/tiktoken-go/tokenizer v0.8.0/go.mod h1:pTmPz4r14MV3JkUGAmAcdLdYhSxN68MCjrP+EoxBdx0=
